// !$*UTF8*$!
{
	archiveVersion = 1;
	classes = {
	};
	objectVersion = 77;
	objects = {

/* Begin PBXBuildFile section */
		CE0BA1982D3426F400B6C6AA /* FirebaseAppCheck in Frameworks */ = {isa = PBXBuildFile; productRef = CE0BA1972D3426F400B6C6AA /* FirebaseAppCheck */; };
		CE0BA19A2D3426F400B6C6AA /* FirebaseAuth in Frameworks */ = {isa = PBXBuildFile; productRef = CE0BA1992D3426F400B6C6AA /* FirebaseAuth */; };
		CE0BA19C2D3426F400B6C6AA /* FirebaseCore in Frameworks */ = {isa = PBXBuildFile; productRef = CE0BA19B2D3426F400B6C6AA /* FirebaseCore */; };
		CE0BA19E2D3426F400B6C6AA /* FirebaseDatabase in Frameworks */ = {isa = PBXBuildFile; productRef = CE0BA19D2D3426F400B6C6AA /* FirebaseDatabase */; };
		CE0BA1A02D3426F400B6C6AA /* FirebaseFirestore in Frameworks */ = {isa = PBXBuildFile; productRef = CE0BA19F2D3426F400B6C6AA /* FirebaseFirestore */; };
		CE0BA1A22D3426F400B6C6AA /* FirebaseStorage in Frameworks */ = {isa = PBXBuildFile; productRef = CE0BA1A12D3426F400B6C6AA /* FirebaseStorage */; };
		CECA09BD2D4549AA000679D1 /* Swinject in Frameworks */ = {isa = PBXBuildFile; productRef = CECA09BC2D4549AA000679D1 /* Swinject */; };
/* End PBXBuildFile section */

/* Begin PBXContainerItemProxy section */
		CEE70F342D327A4500C54F5A /* PBXContainerItemProxy */ = {
			isa = PBXContainerItemProxy;
			containerPortal = CEE70F1B2D327A4200C54F5A /* Project object */;
			proxyType = 1;
			remoteGlobalIDString = CEE70F222D327A4200C54F5A;
			remoteInfo = ARCryptoApp;
		};
		CEE70F3E2D327A4500C54F5A /* PBXContainerItemProxy */ = {
			isa = PBXContainerItemProxy;
			containerPortal = CEE70F1B2D327A4200C54F5A /* Project object */;
			proxyType = 1;
			remoteGlobalIDString = CEE70F222D327A4200C54F5A;
			remoteInfo = ARCryptoApp;
		};
/* End PBXContainerItemProxy section */

/* Begin PBXFileReference section */
		CEE70F232D327A4200C54F5A /* ARCryptoApp.app */ = {isa = PBXFileReference; explicitFileType = wrapper.application; includeInIndex = 0; path = ARCryptoApp.app; sourceTree = BUILT_PRODUCTS_DIR; };
		CEE70F332D327A4500C54F5A /* ARCryptoAppTests.xctest */ = {isa = PBXFileReference; explicitFileType = wrapper.cfbundle; includeInIndex = 0; path = ARCryptoAppTests.xctest; sourceTree = BUILT_PRODUCTS_DIR; };
		CEE70F3D2D327A4500C54F5A /* ARCryptoAppUITests.xctest */ = {isa = PBXFileReference; explicitFileType = wrapper.cfbundle; includeInIndex = 0; path = ARCryptoAppUITests.xctest; sourceTree = BUILT_PRODUCTS_DIR; };
/* End PBXFileReference section */

/* Begin PBXFileSystemSynchronizedRootGroup section */
		CEE70F252D327A4200C54F5A /* ARCryptoApp */ = {
			isa = PBXFileSystemSynchronizedRootGroup;
			path = ARCryptoApp;
			sourceTree = "<group>";
		};
		CEE70F362D327A4500C54F5A /* ARCryptoAppTests */ = {
			isa = PBXFileSystemSynchronizedRootGroup;
			path = ARCryptoAppTests;
			sourceTree = "<group>";
		};
		CEE70F402D327A4500C54F5A /* ARCryptoAppUITests */ = {
			isa = PBXFileSystemSynchronizedRootGroup;
			path = ARCryptoAppUITests;
			sourceTree = "<group>";
		};
/* End PBXFileSystemSynchronizedRootGroup section */

/* Begin PBXFrameworksBuildPhase section */
		CEE70F202D327A4200C54F5A /* Frameworks */ = {
			isa = PBXFrameworksBuildPhase;
			buildActionMask = 2147483647;
			files = (
				CE0BA1982D3426F400B6C6AA /* FirebaseAppCheck in Frameworks */,
				CE0BA19C2D3426F400B6C6AA /* FirebaseCore in Frameworks */,
				CECA09BD2D4549AA000679D1 /* Swinject in Frameworks */,
				CE0BA19E2D3426F400B6C6AA /* FirebaseDatabase in Frameworks */,
				CE0BA1A02D3426F400B6C6AA /* FirebaseFirestore in Frameworks */,
				CE0BA19A2D3426F400B6C6AA /* FirebaseAuth in Frameworks */,
				CE0BA1A22D3426F400B6C6AA /* FirebaseStorage in Frameworks */,
			);
			runOnlyForDeploymentPostprocessing = 0;
		};
		CEE70F302D327A4500C54F5A /* Frameworks */ = {
			isa = PBXFrameworksBuildPhase;
			buildActionMask = 2147483647;
			files = (
			);
			runOnlyForDeploymentPostprocessing = 0;
		};
		CEE70F3A2D327A4500C54F5A /* Frameworks */ = {
			isa = PBXFrameworksBuildPhase;
			buildActionMask = 2147483647;
			files = (
			);
			runOnlyForDeploymentPostprocessing = 0;
		};
/* End PBXFrameworksBuildPhase section */

/* Begin PBXGroup section */
		CEE70F1A2D327A4200C54F5A = {
			isa = PBXGroup;
			children = (
				CEE70F252D327A4200C54F5A /* ARCryptoApp */,
				CEE70F362D327A4500C54F5A /* ARCryptoAppTests */,
				CEE70F402D327A4500C54F5A /* ARCryptoAppUITests */,
				CEE70F242D327A4200C54F5A /* Products */,
			);
			sourceTree = "<group>";
		};
		CEE70F242D327A4200C54F5A /* Products */ = {
			isa = PBXGroup;
			children = (
				CEE70F232D327A4200C54F5A /* ARCryptoApp.app */,
				CEE70F332D327A4500C54F5A /* ARCryptoAppTests.xctest */,
				CEE70F3D2D327A4500C54F5A /* ARCryptoAppUITests.xctest */,
			);
			name = Products;
			sourceTree = "<group>";
		};
/* End PBXGroup section */

/* Begin PBXNativeTarget section */
		CEE70F222D327A4200C54F5A /* ARCryptoApp */ = {
			isa = PBXNativeTarget;
			buildConfigurationList = CEE70F472D327A4500C54F5A /* Build configuration list for PBXNativeTarget "ARCryptoApp" */;
			buildPhases = (
				CEE70F1F2D327A4200C54F5A /* Sources */,
				CEE70F202D327A4200C54F5A /* Frameworks */,
				CEE70F212D327A4200C54F5A /* Resources */,
			);
			buildRules = (
			);
			dependencies = (
			);
			fileSystemSynchronizedGroups = (
				CEE70F252D327A4200C54F5A /* ARCryptoApp */,
			);
			name = ARCryptoApp;
			packageProductDependencies = (
				CE0BA1972D3426F400B6C6AA /* FirebaseAppCheck */,
				CE0BA1992D3426F400B6C6AA /* FirebaseAuth */,
				CE0BA19B2D3426F400B6C6AA /* FirebaseCore */,
				CE0BA19D2D3426F400B6C6AA /* FirebaseDatabase */,
				CE0BA19F2D3426F400B6C6AA /* FirebaseFirestore */,
				CE0BA1A12D3426F400B6C6AA /* FirebaseStorage */,
				CECA09BC2D4549AA000679D1 /* Swinject */,
			);
			productName = ARCryptoApp;
			productReference = CEE70F232D327A4200C54F5A /* ARCryptoApp.app */;
			productType = "com.apple.product-type.application";
		};
		CEE70F322D327A4500C54F5A /* ARCryptoAppTests */ = {
			isa = PBXNativeTarget;
			buildConfigurationList = CEE70F4A2D327A4500C54F5A /* Build configuration list for PBXNativeTarget "ARCryptoAppTests" */;
			buildPhases = (
				CEE70F2F2D327A4500C54F5A /* Sources */,
				CEE70F302D327A4500C54F5A /* Frameworks */,
				CEE70F312D327A4500C54F5A /* Resources */,
			);
			buildRules = (
			);
			dependencies = (
				CEE70F352D327A4500C54F5A /* PBXTargetDependency */,
			);
			fileSystemSynchronizedGroups = (
				CEE70F362D327A4500C54F5A /* ARCryptoAppTests */,
			);
			name = ARCryptoAppTests;
			packageProductDependencies = (
			);
			productName = ARCryptoAppTests;
			productReference = CEE70F332D327A4500C54F5A /* ARCryptoAppTests.xctest */;
			productType = "com.apple.product-type.bundle.unit-test";
		};
		CEE70F3C2D327A4500C54F5A /* ARCryptoAppUITests */ = {
			isa = PBXNativeTarget;
			buildConfigurationList = CEE70F4D2D327A4500C54F5A /* Build configuration list for PBXNativeTarget "ARCryptoAppUITests" */;
			buildPhases = (
				CEE70F392D327A4500C54F5A /* Sources */,
				CEE70F3A2D327A4500C54F5A /* Frameworks */,
				CEE70F3B2D327A4500C54F5A /* Resources */,
			);
			buildRules = (
			);
			dependencies = (
				CEE70F3F2D327A4500C54F5A /* PBXTargetDependency */,
			);
			fileSystemSynchronizedGroups = (
				CEE70F402D327A4500C54F5A /* ARCryptoAppUITests */,
			);
			name = ARCryptoAppUITests;
			packageProductDependencies = (
			);
			productName = ARCryptoAppUITests;
			productReference = CEE70F3D2D327A4500C54F5A /* ARCryptoAppUITests.xctest */;
			productType = "com.apple.product-type.bundle.ui-testing";
		};
/* End PBXNativeTarget section */

/* Begin PBXProject section */
		CEE70F1B2D327A4200C54F5A /* Project object */ = {
			isa = PBXProject;
			attributes = {
				BuildIndependentTargetsInParallel = 1;
				LastSwiftUpdateCheck = 1620;
				LastUpgradeCheck = 1620;
				TargetAttributes = {
					CEE70F222D327A4200C54F5A = {
						CreatedOnToolsVersion = 16.2;
					};
					CEE70F322D327A4500C54F5A = {
						CreatedOnToolsVersion = 16.2;
						TestTargetID = CEE70F222D327A4200C54F5A;
					};
					CEE70F3C2D327A4500C54F5A = {
						CreatedOnToolsVersion = 16.2;
						TestTargetID = CEE70F222D327A4200C54F5A;
					};
				};
			};
			buildConfigurationList = CEE70F1E2D327A4200C54F5A /* Build configuration list for PBXProject "ARCryptoApp" */;
			developmentRegion = en;
			hasScannedForEncodings = 0;
			knownRegions = (
				en,
				Base,
			);
			mainGroup = CEE70F1A2D327A4200C54F5A;
			minimizedProjectReferenceProxies = 1;
			packageReferences = (
				CE0BA1962D3426F400B6C6AA /* XCRemoteSwiftPackageReference "firebase-ios-sdk" */,
				CECA09BB2D4549AA000679D1 /* XCRemoteSwiftPackageReference "Swinject" */,
			);
			preferredProjectObjectVersion = 77;
			productRefGroup = CEE70F242D327A4200C54F5A /* Products */;
			projectDirPath = "";
			projectRoot = "";
			targets = (
				CEE70F222D327A4200C54F5A /* ARCryptoApp */,
				CEE70F322D327A4500C54F5A /* ARCryptoAppTests */,
				CEE70F3C2D327A4500C54F5A /* ARCryptoAppUITests */,
			);
		};
/* End PBXProject section */

/* Begin PBXResourcesBuildPhase section */
		CEE70F212D327A4200C54F5A /* Resources */ = {
			isa = PBXResourcesBuildPhase;
			buildActionMask = 2147483647;
			files = (
			);
			runOnlyForDeploymentPostprocessing = 0;
		};
		CEE70F312D327A4500C54F5A /* Resources */ = {
			isa = PBXResourcesBuildPhase;
			buildActionMask = 2147483647;
			files = (
			);
			runOnlyForDeploymentPostprocessing = 0;
		};
		CEE70F3B2D327A4500C54F5A /* Resources */ = {
			isa = PBXResourcesBuildPhase;
			buildActionMask = 2147483647;
			files = (
			);
			runOnlyForDeploymentPostprocessing = 0;
		};
/* End PBXResourcesBuildPhase section */

/* Begin PBXSourcesBuildPhase section */
		CEE70F1F2D327A4200C54F5A /* Sources */ = {
			isa = PBXSourcesBuildPhase;
			buildActionMask = 2147483647;
			files = (
			);
			runOnlyForDeploymentPostprocessing = 0;
		};
		CEE70F2F2D327A4500C54F5A /* Sources */ = {
			isa = PBXSourcesBuildPhase;
			buildActionMask = 2147483647;
			files = (
			);
			runOnlyForDeploymentPostprocessing = 0;
		};
		CEE70F392D327A4500C54F5A /* Sources */ = {
			isa = PBXSourcesBuildPhase;
			buildActionMask = 2147483647;
			files = (
			);
			runOnlyForDeploymentPostprocessing = 0;
		};
/* End PBXSourcesBuildPhase section */

/* Begin PBXTargetDependency section */
		CEE70F352D327A4500C54F5A /* PBXTargetDependency */ = {
			isa = PBXTargetDependency;
			target = CEE70F222D327A4200C54F5A /* ARCryptoApp */;
			targetProxy = CEE70F342D327A4500C54F5A /* PBXContainerItemProxy */;
		};
		CEE70F3F2D327A4500C54F5A /* PBXTargetDependency */ = {
			isa = PBXTargetDependency;
			target = CEE70F222D327A4200C54F5A /* ARCryptoApp */;
			targetProxy = CEE70F3E2D327A4500C54F5A /* PBXContainerItemProxy */;
		};
/* End PBXTargetDependency section */

/* Begin XCBuildConfiguration section */
		CEE70F452D327A4500C54F5A /* Debug */ = {
			isa = XCBuildConfiguration;
			buildSettings = {
				ALWAYS_SEARCH_USER_PATHS = NO;
				ASSETCATALOG_COMPILER_GENERATE_SWIFT_ASSET_SYMBOL_EXTENSIONS = YES;
				CLANG_ANALYZER_NONNULL = YES;
				CLANG_ANALYZER_NUMBER_OBJECT_CONVERSION = YES_AGGRESSIVE;
				CLANG_CXX_LANGUAGE_STANDARD = "gnu++20";
				CLANG_ENABLE_MODULES = YES;
				CLANG_ENABLE_OBJC_ARC = YES;
				CLANG_ENABLE_OBJC_WEAK = YES;
				CLANG_WARN_BLOCK_CAPTURE_AUTORELEASING = YES;
				CLANG_WARN_BOOL_CONVERSION = YES;
				CLANG_WARN_COMMA = YES;
				CLANG_WARN_CONSTANT_CONVERSION = YES;
				CLANG_WARN_DEPRECATED_OBJC_IMPLEMENTATIONS = YES;
				CLANG_WARN_DIRECT_OBJC_ISA_USAGE = YES_ERROR;
				CLANG_WARN_DOCUMENTATION_COMMENTS = YES;
				CLANG_WARN_EMPTY_BODY = YES;
				CLANG_WARN_ENUM_CONVERSION = YES;
				CLANG_WARN_INFINITE_RECURSION = YES;
				CLANG_WARN_INT_CONVERSION = YES;
				CLANG_WARN_NON_LITERAL_NULL_CONVERSION = YES;
				CLANG_WARN_OBJC_IMPLICIT_RETAIN_SELF = YES;
				CLANG_WARN_OBJC_LITERAL_CONVERSION = YES;
				CLANG_WARN_OBJC_ROOT_CLASS = YES_ERROR;
				CLANG_WARN_QUOTED_INCLUDE_IN_FRAMEWORK_HEADER = YES;
				CLANG_WARN_RANGE_LOOP_ANALYSIS = YES;
				CLANG_WARN_STRICT_PROTOTYPES = YES;
				CLANG_WARN_SUSPICIOUS_MOVE = YES;
				CLANG_WARN_UNGUARDED_AVAILABILITY = YES_AGGRESSIVE;
				CLANG_WARN_UNREACHABLE_CODE = YES;
				CLANG_WARN__DUPLICATE_METHOD_MATCH = YES;
				COPY_PHASE_STRIP = NO;
				DEBUG_INFORMATION_FORMAT = dwarf;
				ENABLE_STRICT_OBJC_MSGSEND = YES;
				ENABLE_TESTABILITY = YES;
				ENABLE_USER_SCRIPT_SANDBOXING = YES;
				GCC_C_LANGUAGE_STANDARD = gnu17;
				GCC_DYNAMIC_NO_PIC = NO;
				GCC_NO_COMMON_BLOCKS = YES;
				GCC_OPTIMIZATION_LEVEL = 0;
				GCC_PREPROCESSOR_DEFINITIONS = (
					"DEBUG=1",
					"$(inherited)",
				);
				GCC_WARN_64_TO_32_BIT_CONVERSION = YES;
				GCC_WARN_ABOUT_RETURN_TYPE = YES_ERROR;
				GCC_WARN_UNDECLARED_SELECTOR = YES;
				GCC_WARN_UNINITIALIZED_AUTOS = YES_AGGRESSIVE;
				GCC_WARN_UNUSED_FUNCTION = YES;
				GCC_WARN_UNUSED_VARIABLE = YES;
				IPHONEOS_DEPLOYMENT_TARGET = 18.2;
				LOCALIZATION_PREFERS_STRING_CATALOGS = YES;
				MTL_ENABLE_DEBUG_INFO = INCLUDE_SOURCE;
				MTL_FAST_MATH = YES;
				ONLY_ACTIVE_ARCH = YES;
				SDKROOT = iphoneos;
				SWIFT_ACTIVE_COMPILATION_CONDITIONS = "DEBUG $(inherited)";
				SWIFT_OPTIMIZATION_LEVEL = "-Onone";
			};
			name = Debug;
		};
		CEE70F462D327A4500C54F5A /* Release */ = {
			isa = XCBuildConfiguration;
			buildSettings = {
				ALWAYS_SEARCH_USER_PATHS = NO;
				ASSETCATALOG_COMPILER_GENERATE_SWIFT_ASSET_SYMBOL_EXTENSIONS = YES;
				CLANG_ANALYZER_NONNULL = YES;
				CLANG_ANALYZER_NUMBER_OBJECT_CONVERSION = YES_AGGRESSIVE;
				CLANG_CXX_LANGUAGE_STANDARD = "gnu++20";
				CLANG_ENABLE_MODULES = YES;
				CLANG_ENABLE_OBJC_ARC = YES;
				CLANG_ENABLE_OBJC_WEAK = YES;
				CLANG_WARN_BLOCK_CAPTURE_AUTORELEASING = YES;
				CLANG_WARN_BOOL_CONVERSION = YES;
				CLANG_WARN_COMMA = YES;
				CLANG_WARN_CONSTANT_CONVERSION = YES;
				CLANG_WARN_DEPRECATED_OBJC_IMPLEMENTATIONS = YES;
				CLANG_WARN_DIRECT_OBJC_ISA_USAGE = YES_ERROR;
				CLANG_WARN_DOCUMENTATION_COMMENTS = YES;
				CLANG_WARN_EMPTY_BODY = YES;
				CLANG_WARN_ENUM_CONVERSION = YES;
				CLANG_WARN_INFINITE_RECURSION = YES;
				CLANG_WARN_INT_CONVERSION = YES;
				CLANG_WARN_NON_LITERAL_NULL_CONVERSION = YES;
				CLANG_WARN_OBJC_IMPLICIT_RETAIN_SELF = YES;
				CLANG_WARN_OBJC_LITERAL_CONVERSION = YES;
				CLANG_WARN_OBJC_ROOT_CLASS = YES_ERROR;
				CLANG_WARN_QUOTED_INCLUDE_IN_FRAMEWORK_HEADER = YES;
				CLANG_WARN_RANGE_LOOP_ANALYSIS = YES;
				CLANG_WARN_STRICT_PROTOTYPES = YES;
				CLANG_WARN_SUSPICIOUS_MOVE = YES;
				CLANG_WARN_UNGUARDED_AVAILABILITY = YES_AGGRESSIVE;
				CLANG_WARN_UNREACHABLE_CODE = YES;
				CLANG_WARN__DUPLICATE_METHOD_MATCH = YES;
				COPY_PHASE_STRIP = NO;
				DEBUG_INFORMATION_FORMAT = "dwarf-with-dsym";
				ENABLE_NS_ASSERTIONS = NO;
				ENABLE_STRICT_OBJC_MSGSEND = YES;
				ENABLE_USER_SCRIPT_SANDBOXING = YES;
				GCC_C_LANGUAGE_STANDARD = gnu17;
				GCC_NO_COMMON_BLOCKS = YES;
				GCC_WARN_64_TO_32_BIT_CONVERSION = YES;
				GCC_WARN_ABOUT_RETURN_TYPE = YES_ERROR;
				GCC_WARN_UNDECLARED_SELECTOR = YES;
				GCC_WARN_UNINITIALIZED_AUTOS = YES_AGGRESSIVE;
				GCC_WARN_UNUSED_FUNCTION = YES;
				GCC_WARN_UNUSED_VARIABLE = YES;
				IPHONEOS_DEPLOYMENT_TARGET = 18.2;
				LOCALIZATION_PREFERS_STRING_CATALOGS = YES;
				MTL_ENABLE_DEBUG_INFO = NO;
				MTL_FAST_MATH = YES;
				SDKROOT = iphoneos;
				SWIFT_COMPILATION_MODE = wholemodule;
				VALIDATE_PRODUCT = YES;
			};
			name = Release;
		};
		CEE70F482D327A4500C54F5A /* Debug */ = {
			isa = XCBuildConfiguration;
			buildSettings = {
				ASSETCATALOG_COMPILER_APPICON_NAME = AppIcon;
				ASSETCATALOG_COMPILER_GLOBAL_ACCENT_COLOR_NAME = AccentColor;
				CODE_SIGN_STYLE = Automatic;
				CURRENT_PROJECT_VERSION = 1;
				DEVELOPMENT_ASSET_PATHS = "\"ARCryptoApp/Preview Content\"";
				DEVELOPMENT_TEAM = 982E46E4T5;
				ENABLE_PREVIEWS = YES;
				GENERATE_INFOPLIST_FILE = YES;
				INFOPLIST_KEY_CFBundleDisplayName = DontStap;
				INFOPLIST_KEY_LSApplicationCategoryType = "public.app-category.action-games";
				INFOPLIST_KEY_NSCameraUsageDescription = "";
				INFOPLIST_KEY_UIApplicationSupportsIndirectInputEvents = YES;
				INFOPLIST_KEY_UILaunchScreen_Generation = YES;
				INFOPLIST_KEY_UIRequiredDeviceCapabilities = arkit;
				INFOPLIST_KEY_UIRequiresFullScreen = YES;
				INFOPLIST_KEY_UIStatusBarHidden = YES;
				INFOPLIST_KEY_UIStatusBarStyle = UIStatusBarStyleLightContent;
				INFOPLIST_KEY_UISupportedInterfaceOrientations = "UIInterfaceOrientationPortrait UIInterfaceOrientationPortraitUpsideDown";
				INFOPLIST_KEY_UISupportedInterfaceOrientations_iPad = "UIInterfaceOrientationLandscapeLeft UIInterfaceOrientationLandscapeRight UIInterfaceOrientationPortrait UIInterfaceOrientationPortraitUpsideDown";
				IPHONEOS_DEPLOYMENT_TARGET = 16.0;
				LD_RUNPATH_SEARCH_PATHS = (
					"$(inherited)",
					"@executable_path/Frameworks",
				);
				MARKETING_VERSION = 1.3;
				PRODUCT_BUNDLE_IDENTIFIER = com.steady.DontStap;
				PRODUCT_NAME = "$(TARGET_NAME)";
				SWIFT_EMIT_LOC_STRINGS = YES;
				SWIFT_VERSION = 5.0;
				TARGETED_DEVICE_FAMILY = "1,2";
			};
			name = Debug;
		};
		CEE70F492D327A4500C54F5A /* Release */ = {
			isa = XCBuildConfiguration;
			buildSettings = {
				ASSETCATALOG_COMPILER_APPICON_NAME = AppIcon;
				ASSETCATALOG_COMPILER_GLOBAL_ACCENT_COLOR_NAME = AccentColor;
				CODE_SIGN_STYLE = Automatic;
				CURRENT_PROJECT_VERSION = 1;
				DEVELOPMENT_ASSET_PATHS = "\"ARCryptoApp/Preview Content\"";
				DEVELOPMENT_TEAM = 982E46E4T5;
				ENABLE_PREVIEWS = YES;
				GENERATE_INFOPLIST_FILE = YES;
				INFOPLIST_KEY_CFBundleDisplayName = DontStap;
				INFOPLIST_KEY_LSApplicationCategoryType = "public.app-category.action-games";
				INFOPLIST_KEY_NSCameraUsageDescription = "";
				INFOPLIST_KEY_UIApplicationSupportsIndirectInputEvents = YES;
				INFOPLIST_KEY_UILaunchScreen_Generation = YES;
				INFOPLIST_KEY_UIRequiredDeviceCapabilities = arkit;
				INFOPLIST_KEY_UIRequiresFullScreen = YES;
				INFOPLIST_KEY_UIStatusBarHidden = YES;
				INFOPLIST_KEY_UIStatusBarStyle = UIStatusBarStyleLightContent;
				INFOPLIST_KEY_UISupportedInterfaceOrientations = "UIInterfaceOrientationPortrait UIInterfaceOrientationPortraitUpsideDown";
				INFOPLIST_KEY_UISupportedInterfaceOrientations_iPad = "UIInterfaceOrientationLandscapeLeft UIInterfaceOrientationLandscapeRight UIInterfaceOrientationPortrait UIInterfaceOrientationPortraitUpsideDown";
				IPHONEOS_DEPLOYMENT_TARGET = 16.0;
				LD_RUNPATH_SEARCH_PATHS = (
					"$(inherited)",
					"@executable_path/Frameworks",
				);
				MARKETING_VERSION = 1.3;
				PRODUCT_BUNDLE_IDENTIFIER = com.steady.DontStap;
				PRODUCT_NAME = "$(TARGET_NAME)";
				SWIFT_EMIT_LOC_STRINGS = YES;
				SWIFT_VERSION = 5.0;
				TARGETED_DEVICE_FAMILY = "1,2";
			};
			name = Release;
		};
		CEE70F4B2D327A4500C54F5A /* Debug */ = {
			isa = XCBuildConfiguration;
			buildSettings = {
				BUNDLE_LOADER = "$(TEST_HOST)";
				CODE_SIGN_STYLE = Automatic;
				CURRENT_PROJECT_VERSION = 1;
				GENERATE_INFOPLIST_FILE = YES;
				IPHONEOS_DEPLOYMENT_TARGET = 18.2;
				MARKETING_VERSION = 1.0;
				PRODUCT_BUNDLE_IDENTIFIER = com.dontstap.ARCryptoAppTests;
				PRODUCT_NAME = "$(TARGET_NAME)";
				SWIFT_EMIT_LOC_STRINGS = NO;
				SWIFT_VERSION = 5.0;
				TARGETED_DEVICE_FAMILY = "1,2";
				TEST_HOST = "$(BUILT_PRODUCTS_DIR)/ARCryptoApp.app/$(BUNDLE_EXECUTABLE_FOLDER_PATH)/ARCryptoApp";
			};
			name = Debug;
		};
		CEE70F4C2D327A4500C54F5A /* Release */ = {
			isa = XCBuildConfiguration;
			buildSettings = {
				BUNDLE_LOADER = "$(TEST_HOST)";
				CODE_SIGN_STYLE = Automatic;
				CURRENT_PROJECT_VERSION = 1;
				GENERATE_INFOPLIST_FILE = YES;
				IPHONEOS_DEPLOYMENT_TARGET = 18.2;
				MARKETING_VERSION = 1.0;
				PRODUCT_BUNDLE_IDENTIFIER = com.dontstap.ARCryptoAppTests;
				PRODUCT_NAME = "$(TARGET_NAME)";
				SWIFT_EMIT_LOC_STRINGS = NO;
				SWIFT_VERSION = 5.0;
				TARGETED_DEVICE_FAMILY = "1,2";
				TEST_HOST = "$(BUILT_PRODUCTS_DIR)/ARCryptoApp.app/$(BUNDLE_EXECUTABLE_FOLDER_PATH)/ARCryptoApp";
			};
			name = Release;
		};
		CEE70F4E2D327A4500C54F5A /* Debug */ = {
			isa = XCBuildConfiguration;
			buildSettings = {
				CODE_SIGN_STYLE = Automatic;
				CURRENT_PROJECT_VERSION = 1;
				GENERATE_INFOPLIST_FILE = YES;
				MARKETING_VERSION = 1.0;
				PRODUCT_BUNDLE_IDENTIFIER = com.dontstap.ARCryptoAppUITests;
				PRODUCT_NAME = "$(TARGET_NAME)";
				SWIFT_EMIT_LOC_STRINGS = NO;
				SWIFT_VERSION = 5.0;
				TARGETED_DEVICE_FAMILY = "1,2";
				TEST_TARGET_NAME = ARCryptoApp;
			};
			name = Debug;
		};
		CEE70F4F2D327A4500C54F5A /* Release */ = {
			isa = XCBuildConfiguration;
			buildSettings = {
				CODE_SIGN_STYLE = Automatic;
				CURRENT_PROJECT_VERSION = 1;
				GENERATE_INFOPLIST_FILE = YES;
				MARKETING_VERSION = 1.0;
				PRODUCT_BUNDLE_IDENTIFIER = com.dontstap.ARCryptoAppUITests;
				PRODUCT_NAME = "$(TARGET_NAME)";
				SWIFT_EMIT_LOC_STRINGS = NO;
				SWIFT_VERSION = 5.0;
				TARGETED_DEVICE_FAMILY = "1,2";
				TEST_TARGET_NAME = ARCryptoApp;
			};
			name = Release;
		};
/* End XCBuildConfiguration section */

/* Begin XCConfigurationList section */
		CEE70F1E2D327A4200C54F5A /* Build configuration list for PBXProject "ARCryptoApp" */ = {
			isa = XCConfigurationList;
			buildConfigurations = (
				CEE70F452D327A4500C54F5A /* Debug */,
				CEE70F462D327A4500C54F5A /* Release */,
			);
			defaultConfigurationIsVisible = 0;
			defaultConfigurationName = Release;
		};
		CEE70F472D327A4500C54F5A /* Build configuration list for PBXNativeTarget "ARCryptoApp" */ = {
			isa = XCConfigurationList;
			buildConfigurations = (
				CEE70F482D327A4500C54F5A /* Debug */,
				CEE70F492D327A4500C54F5A /* Release */,
			);
			defaultConfigurationIsVisible = 0;
			defaultConfigurationName = Release;
		};
		CEE70F4A2D327A4500C54F5A /* Build configuration list for PBXNativeTarget "ARCryptoAppTests" */ = {
			isa = XCConfigurationList;
			buildConfigurations = (
				CEE70F4B2D327A4500C54F5A /* Debug */,
				CEE70F4C2D327A4500C54F5A /* Release */,
			);
			defaultConfigurationIsVisible = 0;
			defaultConfigurationName = Release;
		};
		CEE70F4D2D327A4500C54F5A /* Build configuration list for PBXNativeTarget "ARCryptoAppUITests" */ = {
			isa = XCConfigurationList;
			buildConfigurations = (
				CEE70F4E2D327A4500C54F5A /* Debug */,
				CEE70F4F2D327A4500C54F5A /* Release */,
			);
			defaultConfigurationIsVisible = 0;
			defaultConfigurationName = Release;
		};
/* End XCConfigurationList section */

/* Begin XCRemoteSwiftPackageReference section */
		CE0BA1962D3426F400B6C6AA /* XCRemoteSwiftPackageReference "firebase-ios-sdk" */ = {
			isa = XCRemoteSwiftPackageReference;
			repositoryURL = "https://github.com/firebase/firebase-ios-sdk.git";
			requirement = {
				kind = upToNextMajorVersion;
				minimumVersion = 11.6.0;
			};
		};
		CECA09BB2D4549AA000679D1 /* XCRemoteSwiftPackageReference "Swinject" */ = {
			isa = XCRemoteSwiftPackageReference;
			repositoryURL = "https://github.com/Swinject/Swinject";
			requirement = {
				kind = upToNextMajorVersion;
				minimumVersion = 2.9.1;
			};
		};
/* End XCRemoteSwiftPackageReference section */

/* Begin XCSwiftPackageProductDependency section */
		CE0BA1972D3426F400B6C6AA /* FirebaseAppCheck */ = {
			isa = XCSwiftPackageProductDependency;
			package = CE0BA1962D3426F400B6C6AA /* XCRemoteSwiftPackageReference "firebase-ios-sdk" */;
			productName = FirebaseAppCheck;
		};
		CE0BA1992D3426F400B6C6AA /* FirebaseAuth */ = {
			isa = XCSwiftPackageProductDependency;
			package = CE0BA1962D3426F400B6C6AA /* XCRemoteSwiftPackageReference "firebase-ios-sdk" */;
			productName = FirebaseAuth;
		};
		CE0BA19B2D3426F400B6C6AA /* FirebaseCore */ = {
			isa = XCSwiftPackageProductDependency;
			package = CE0BA1962D3426F400B6C6AA /* XCRemoteSwiftPackageReference "firebase-ios-sdk" */;
			productName = FirebaseCore;
		};
		CE0BA19D2D3426F400B6C6AA /* FirebaseDatabase */ = {
			isa = XCSwiftPackageProductDependency;
			package = CE0BA1962D3426F400B6C6AA /* XCRemoteSwiftPackageReference "firebase-ios-sdk" */;
			productName = FirebaseDatabase;
		};
		CE0BA19F2D3426F400B6C6AA /* FirebaseFirestore */ = {
			isa = XCSwiftPackageProductDependency;
			package = CE0BA1962D3426F400B6C6AA /* XCRemoteSwiftPackageReference "firebase-ios-sdk" */;
			productName = FirebaseFirestore;
		};
		CE0BA1A12D3426F400B6C6AA /* FirebaseStorage */ = {
			isa = XCSwiftPackageProductDependency;
			package = CE0BA1962D3426F400B6C6AA /* XCRemoteSwiftPackageReference "firebase-ios-sdk" */;
			productName = FirebaseStorage;
		};
		CECA09BC2D4549AA000679D1 /* Swinject */ = {
			isa = XCSwiftPackageProductDependency;
			package = CECA09BB2D4549AA000679D1 /* XCRemoteSwiftPackageReference "Swinject" */;
			productName = Swinject;
		};
/* End XCSwiftPackageProductDependency section */
	};
	rootObject = CEE70F1B2D327A4200C54F5A /* Project object */;
}
